// !$*UTF8*$!
{
	archiveVersion = 1;
	classes = {
	};
	objectVersion = 50;
	objects = {

/* Begin PBXBuildFile section */
		0A0B5C8A2390549D009FCC89 /* AppDelegate.swift in Sources */ = {isa = PBXBuildFile; fileRef = 0A0B5C892390549D009FCC89 /* AppDelegate.swift */; };
		0A0B5C8C2390549D009FCC89 /* SceneDelegate.swift in Sources */ = {isa = PBXBuildFile; fileRef = 0A0B5C8B2390549D009FCC89 /* SceneDelegate.swift */; };
		0A0B5C8E2390549D009FCC89 /* FrontCameraViewController.swift in Sources */ = {isa = PBXBuildFile; fileRef = 0A0B5C8D2390549D009FCC89 /* FrontCameraViewController.swift */; };
		0A0B5C912390549D009FCC89 /* Main.storyboard in Resources */ = {isa = PBXBuildFile; fileRef = 0A0B5C8F2390549D009FCC89 /* Main.storyboard */; };
		0A0B5C932390549F009FCC89 /* Assets.xcassets in Resources */ = {isa = PBXBuildFile; fileRef = 0A0B5C922390549F009FCC89 /* Assets.xcassets */; };
		0A0B5C962390549F009FCC89 /* LaunchScreen.storyboard in Resources */ = {isa = PBXBuildFile; fileRef = 0A0B5C942390549F009FCC89 /* LaunchScreen.storyboard */; };
		0A0EAB4B2396DDF600035AAE /* Msic.swift in Sources */ = {isa = PBXBuildFile; fileRef = 0A0EAB4A2396DDF600035AAE /* Msic.swift */; };
		0A0EAB4E2396DF0400035AAE /* DefaultCIFilter.swift in Sources */ = {isa = PBXBuildFile; fileRef = 0A0EAB4D2396DF0400035AAE /* DefaultCIFilter.swift */; };
		0A0EAB502396E99C00035AAE /* BufferAllocationHelper.swift in Sources */ = {isa = PBXBuildFile; fileRef = 0A0EAB4F2396E99C00035AAE /* BufferAllocationHelper.swift */; };
		0A38D3F523905DC200179218 /* CameraManager.swift in Sources */ = {isa = PBXBuildFile; fileRef = 0A38D3F423905DC200179218 /* CameraManager.swift */; };
		0A82ED522393E4B300303798 /* PreviewMetalView.swift in Sources */ = {isa = PBXBuildFile; fileRef = 0A82ED512393E4B300303798 /* PreviewMetalView.swift */; };
		0A82ED562394067600303798 /* PassThrough.metal in Sources */ = {isa = PBXBuildFile; fileRef = 0A82ED552394067600303798 /* PassThrough.metal */; };
		0AC69D0B2392B724009E8114 /* UIButton+Appearance.swift in Sources */ = {isa = PBXBuildFile; fileRef = 0AC69D0A2392B724009E8114 /* UIButton+Appearance.swift */; };
		0AC69D0D2392C91A009E8114 /* PhotoCaptureDelegate.swift in Sources */ = {isa = PBXBuildFile; fileRef = 0AC69D0C2392C91A009E8114 /* PhotoCaptureDelegate.swift */; };
/* End PBXBuildFile section */

/* Begin PBXFileReference section */
		0A0B5C862390549D009FCC89 /* Filters.app */ = {isa = PBXFileReference; explicitFileType = wrapper.application; includeInIndex = 0; path = Filters.app; sourceTree = BUILT_PRODUCTS_DIR; };
		0A0B5C892390549D009FCC89 /* AppDelegate.swift */ = {isa = PBXFileReference; lastKnownFileType = sourcecode.swift; path = AppDelegate.swift; sourceTree = "<group>"; };
		0A0B5C8B2390549D009FCC89 /* SceneDelegate.swift */ = {isa = PBXFileReference; lastKnownFileType = sourcecode.swift; path = SceneDelegate.swift; sourceTree = "<group>"; };
		0A0B5C8D2390549D009FCC89 /* FrontCameraViewController.swift */ = {isa = PBXFileReference; lastKnownFileType = sourcecode.swift; path = FrontCameraViewController.swift; sourceTree = "<group>"; };
		0A0B5C902390549D009FCC89 /* Base */ = {isa = PBXFileReference; lastKnownFileType = file.storyboard; name = Base; path = Base.lproj/Main.storyboard; sourceTree = "<group>"; };
		0A0B5C922390549F009FCC89 /* Assets.xcassets */ = {isa = PBXFileReference; lastKnownFileType = folder.assetcatalog; path = Assets.xcassets; sourceTree = "<group>"; };
		0A0B5C952390549F009FCC89 /* Base */ = {isa = PBXFileReference; lastKnownFileType = file.storyboard; name = Base; path = Base.lproj/LaunchScreen.storyboard; sourceTree = "<group>"; };
		0A0B5C972390549F009FCC89 /* Info.plist */ = {isa = PBXFileReference; lastKnownFileType = text.plist.xml; path = Info.plist; sourceTree = "<group>"; };
		0A0EAB4A2396DDF600035AAE /* Msic.swift */ = {isa = PBXFileReference; lastKnownFileType = sourcecode.swift; path = Msic.swift; sourceTree = "<group>"; };
		0A0EAB4D2396DF0400035AAE /* DefaultCIFilter.swift */ = {isa = PBXFileReference; lastKnownFileType = sourcecode.swift; path = DefaultCIFilter.swift; sourceTree = "<group>"; };
		0A0EAB4F2396E99C00035AAE /* BufferAllocationHelper.swift */ = {isa = PBXFileReference; lastKnownFileType = sourcecode.swift; path = BufferAllocationHelper.swift; sourceTree = "<group>"; };
		0A38D3F423905DC200179218 /* CameraManager.swift */ = {isa = PBXFileReference; lastKnownFileType = sourcecode.swift; path = CameraManager.swift; sourceTree = "<group>"; };
		0A82ED512393E4B300303798 /* PreviewMetalView.swift */ = {isa = PBXFileReference; lastKnownFileType = sourcecode.swift; path = PreviewMetalView.swift; sourceTree = "<group>"; };
		0A82ED552394067600303798 /* PassThrough.metal */ = {isa = PBXFileReference; fileEncoding = 4; lastKnownFileType = sourcecode.metal; path = PassThrough.metal; sourceTree = "<group>"; };
		0AC69D0A2392B724009E8114 /* UIButton+Appearance.swift */ = {isa = PBXFileReference; lastKnownFileType = sourcecode.swift; path = "UIButton+Appearance.swift"; sourceTree = "<group>"; };
		0AC69D0C2392C91A009E8114 /* PhotoCaptureDelegate.swift */ = {isa = PBXFileReference; lastKnownFileType = sourcecode.swift; path = PhotoCaptureDelegate.swift; sourceTree = "<group>"; };
/* End PBXFileReference section */

/* Begin PBXFrameworksBuildPhase section */
		0A0B5C832390549D009FCC89 /* Frameworks */ = {
			isa = PBXFrameworksBuildPhase;
			buildActionMask = 2147483647;
			files = (
			);
			runOnlyForDeploymentPostprocessing = 0;
		};
/* End PBXFrameworksBuildPhase section */

/* Begin PBXGroup section */
		0A0B5C7D2390549D009FCC89 = {
			isa = PBXGroup;
			children = (
				0A0B5C882390549D009FCC89 /* Filters */,
				0A0B5C872390549D009FCC89 /* Products */,
			);
			sourceTree = "<group>";
		};
		0A0B5C872390549D009FCC89 /* Products */ = {
			isa = PBXGroup;
			children = (
				0A0B5C862390549D009FCC89 /* Filters.app */,
			);
			name = Products;
			sourceTree = "<group>";
		};
		0A0B5C882390549D009FCC89 /* Filters */ = {
			isa = PBXGroup;
			children = (
				0A0B5C892390549D009FCC89 /* AppDelegate.swift */,
				0A0B5C8B2390549D009FCC89 /* SceneDelegate.swift */,
				0A38D3F2239057D800179218 /* UI */,
				0A38D3F323905DB200179218 /* BusinessLogic */,
				0AC69D092392B70A009E8114 /* Library */,
				0A82ED542394066100303798 /* Metal */,
				0A38D3F1239057AD00179218 /* Resources */,
			);
			path = Filters;
			sourceTree = "<group>";
		};
		0A0EAB4C2396DECF00035AAE /* CIFilters */ = {
			isa = PBXGroup;
			children = (
				0A0EAB4D2396DF0400035AAE /* DefaultCIFilter.swift */,
			);
			path = CIFilters;
			sourceTree = "<group>";
		};
		0A38D3F1239057AD00179218 /* Resources */ = {
			isa = PBXGroup;
			children = (
				0A0B5C922390549F009FCC89 /* Assets.xcassets */,
				0A0B5C942390549F009FCC89 /* LaunchScreen.storyboard */,
				0A0B5C972390549F009FCC89 /* Info.plist */,
			);
			path = Resources;
			sourceTree = "<group>";
		};
		0A38D3F2239057D800179218 /* UI */ = {
			isa = PBXGroup;
			children = (
				0A0B5C8F2390549D009FCC89 /* Main.storyboard */,
				0A0B5C8D2390549D009FCC89 /* FrontCameraViewController.swift */,
			);
			path = UI;
			sourceTree = "<group>";
		};
		0A38D3F323905DB200179218 /* BusinessLogic */ = {
			isa = PBXGroup;
			children = (
				0A38D3F62390659800179218 /* Camera */,
				0A0EAB4C2396DECF00035AAE /* CIFilters */,
			);
			path = BusinessLogic;
			sourceTree = "<group>";
		};
		0A38D3F62390659800179218 /* Camera */ = {
			isa = PBXGroup;
			children = (
				0A38D3F423905DC200179218 /* CameraManager.swift */,
				0AC69D0C2392C91A009E8114 /* PhotoCaptureDelegate.swift */,
			);
			path = Camera;
			sourceTree = "<group>";
		};
		0A82ED542394066100303798 /* Metal */ = {
			isa = PBXGroup;
			children = (
				0A82ED512393E4B300303798 /* PreviewMetalView.swift */,
				0AF94C422395AF1A00356BF9 /* MetalShaders */,
			);
			path = Metal;
			sourceTree = "<group>";
		};
		0AC69D092392B70A009E8114 /* Library */ = {
			isa = PBXGroup;
			children = (
				0A0EAB4F2396E99C00035AAE /* BufferAllocationHelper.swift */,
				0A0EAB4A2396DDF600035AAE /* Msic.swift */,
				0AC69D0A2392B724009E8114 /* UIButton+Appearance.swift */,
			);
			path = Library;
			sourceTree = "<group>";
		};
		0AF94C422395AF1A00356BF9 /* MetalShaders */ = {
			isa = PBXGroup;
			children = (
				0A82ED552394067600303798 /* PassThrough.metal */,
			);
			path = MetalShaders;
			sourceTree = "<group>";
		};
/* End PBXGroup section */

/* Begin PBXNativeTarget section */
		0A0B5C852390549D009FCC89 /* Filters */ = {
			isa = PBXNativeTarget;
			buildConfigurationList = 0A0B5C9A2390549F009FCC89 /* Build configuration list for PBXNativeTarget "Filters" */;
			buildPhases = (
				0A0B5C822390549D009FCC89 /* Sources */,
				0A0B5C832390549D009FCC89 /* Frameworks */,
				0A0B5C842390549D009FCC89 /* Resources */,
				0A0B5C9D239055F8009FCC89 /* Swiftlint */,
			);
			buildRules = (
			);
			dependencies = (
			);
			name = Filters;
			productName = Filters;
			productReference = 0A0B5C862390549D009FCC89 /* Filters.app */;
			productType = "com.apple.product-type.application";
		};
/* End PBXNativeTarget section */

/* Begin PBXProject section */
		0A0B5C7E2390549D009FCC89 /* Project object */ = {
			isa = PBXProject;
			attributes = {
				LastSwiftUpdateCheck = 1110;
				LastUpgradeCheck = 1110;
				ORGANIZATIONNAME = "Dmitry Vashlaev";
				TargetAttributes = {
					0A0B5C852390549D009FCC89 = {
						CreatedOnToolsVersion = 11.1;
					};
				};
			};
			buildConfigurationList = 0A0B5C812390549D009FCC89 /* Build configuration list for PBXProject "Filters" */;
			compatibilityVersion = "Xcode 9.3";
			developmentRegion = en;
			hasScannedForEncodings = 0;
			knownRegions = (
				en,
				Base,
			);
			mainGroup = 0A0B5C7D2390549D009FCC89;
			productRefGroup = 0A0B5C872390549D009FCC89 /* Products */;
			projectDirPath = "";
			projectRoot = "";
			targets = (
				0A0B5C852390549D009FCC89 /* Filters */,
			);
		};
/* End PBXProject section */

/* Begin PBXResourcesBuildPhase section */
		0A0B5C842390549D009FCC89 /* Resources */ = {
			isa = PBXResourcesBuildPhase;
			buildActionMask = 2147483647;
			files = (
				0A0B5C962390549F009FCC89 /* LaunchScreen.storyboard in Resources */,
				0A0B5C932390549F009FCC89 /* Assets.xcassets in Resources */,
				0A0B5C912390549D009FCC89 /* Main.storyboard in Resources */,
			);
			runOnlyForDeploymentPostprocessing = 0;
		};
/* End PBXResourcesBuildPhase section */

/* Begin PBXShellScriptBuildPhase section */
		0A0B5C9D239055F8009FCC89 /* Swiftlint */ = {
			isa = PBXShellScriptBuildPhase;
			buildActionMask = 2147483647;
			files = (
			);
			inputFileListPaths = (
			);
			inputPaths = (
			);
			name = Swiftlint;
			outputFileListPaths = (
			);
			outputPaths = (
			);
			runOnlyForDeploymentPostprocessing = 0;
			shellPath = /bin/sh;
			shellScript = "if which swiftlint >/dev/null; then\nswiftlint\nelse\necho \"warning: SwiftLint not installed, download from https://github.com/realm/SwiftLint\"\nfi\n";
		};
/* End PBXShellScriptBuildPhase section */

/* Begin PBXSourcesBuildPhase section */
		0A0B5C822390549D009FCC89 /* Sources */ = {
			isa = PBXSourcesBuildPhase;
			buildActionMask = 2147483647;
			files = (
				0A0B5C8E2390549D009FCC89 /* FrontCameraViewController.swift in Sources */,
				0A82ED562394067600303798 /* PassThrough.metal in Sources */,
				0A82ED522393E4B300303798 /* PreviewMetalView.swift in Sources */,
				0A0B5C8A2390549D009FCC89 /* AppDelegate.swift in Sources */,
				0A38D3F523905DC200179218 /* CameraManager.swift in Sources */,
				0A0EAB4B2396DDF600035AAE /* Msic.swift in Sources */,
				0A0EAB4E2396DF0400035AAE /* DefaultCIFilter.swift in Sources */,
				0A0B5C8C2390549D009FCC89 /* SceneDelegate.swift in Sources */,
				0AC69D0D2392C91A009E8114 /* PhotoCaptureDelegate.swift in Sources */,
				0A0EAB502396E99C00035AAE /* BufferAllocationHelper.swift in Sources */,
				0AC69D0B2392B724009E8114 /* UIButton+Appearance.swift in Sources */,
			);
			runOnlyForDeploymentPostprocessing = 0;
		};
/* End PBXSourcesBuildPhase section */

/* Begin PBXVariantGroup section */
		0A0B5C8F2390549D009FCC89 /* Main.storyboard */ = {
			isa = PBXVariantGroup;
			children = (
				0A0B5C902390549D009FCC89 /* Base */,
			);
			name = Main.storyboard;
			sourceTree = "<group>";
		};
		0A0B5C942390549F009FCC89 /* LaunchScreen.storyboard */ = {
			isa = PBXVariantGroup;
			children = (
				0A0B5C952390549F009FCC89 /* Base */,
			);
			name = LaunchScreen.storyboard;
			sourceTree = "<group>";
		};
/* End PBXVariantGroup section */

/* Begin XCBuildConfiguration section */
		0A0B5C982390549F009FCC89 /* Debug */ = {
			isa = XCBuildConfiguration;
			buildSettings = {
				ALWAYS_SEARCH_USER_PATHS = NO;
				CLANG_ANALYZER_NONNULL = YES;
				CLANG_ANALYZER_NUMBER_OBJECT_CONVERSION = YES_AGGRESSIVE;
				CLANG_CXX_LANGUAGE_STANDARD = "gnu++14";
				CLANG_CXX_LIBRARY = "libc++";
				CLANG_ENABLE_MODULES = YES;
				CLANG_ENABLE_OBJC_ARC = YES;
				CLANG_ENABLE_OBJC_WEAK = YES;
				CLANG_WARN_BLOCK_CAPTURE_AUTORELEASING = YES;
				CLANG_WARN_BOOL_CONVERSION = YES;
				CLANG_WARN_COMMA = YES;
				CLANG_WARN_CONSTANT_CONVERSION = YES;
				CLANG_WARN_DEPRECATED_OBJC_IMPLEMENTATIONS = YES;
				CLANG_WARN_DIRECT_OBJC_ISA_USAGE = YES_ERROR;
				CLANG_WARN_DOCUMENTATION_COMMENTS = YES;
				CLANG_WARN_EMPTY_BODY = YES;
				CLANG_WARN_ENUM_CONVERSION = YES;
				CLANG_WARN_INFINITE_RECURSION = YES;
				CLANG_WARN_INT_CONVERSION = YES;
				CLANG_WARN_NON_LITERAL_NULL_CONVERSION = YES;
				CLANG_WARN_OBJC_IMPLICIT_RETAIN_SELF = YES;
				CLANG_WARN_OBJC_LITERAL_CONVERSION = YES;
				CLANG_WARN_OBJC_ROOT_CLASS = YES_ERROR;
				CLANG_WARN_RANGE_LOOP_ANALYSIS = YES;
				CLANG_WARN_STRICT_PROTOTYPES = YES;
				CLANG_WARN_SUSPICIOUS_MOVE = YES;
				CLANG_WARN_UNGUARDED_AVAILABILITY = YES_AGGRESSIVE;
				CLANG_WARN_UNREACHABLE_CODE = YES;
				CLANG_WARN__DUPLICATE_METHOD_MATCH = YES;
				COPY_PHASE_STRIP = NO;
				DEBUG_INFORMATION_FORMAT = dwarf;
				ENABLE_STRICT_OBJC_MSGSEND = YES;
				ENABLE_TESTABILITY = YES;
				GCC_C_LANGUAGE_STANDARD = gnu11;
				GCC_DYNAMIC_NO_PIC = NO;
				GCC_NO_COMMON_BLOCKS = YES;
				GCC_OPTIMIZATION_LEVEL = 0;
				GCC_PREPROCESSOR_DEFINITIONS = (
					"DEBUG=1",
					"$(inherited)",
				);
				GCC_WARN_64_TO_32_BIT_CONVERSION = YES;
				GCC_WARN_ABOUT_RETURN_TYPE = YES_ERROR;
				GCC_WARN_UNDECLARED_SELECTOR = YES;
				GCC_WARN_UNINITIALIZED_AUTOS = YES_AGGRESSIVE;
				GCC_WARN_UNUSED_FUNCTION = YES;
				GCC_WARN_UNUSED_VARIABLE = YES;
				IPHONEOS_DEPLOYMENT_TARGET = 13.1;
				MTL_ENABLE_DEBUG_INFO = INCLUDE_SOURCE;
				MTL_FAST_MATH = YES;
				ONLY_ACTIVE_ARCH = YES;
				SDKROOT = iphoneos;
				SWIFT_ACTIVE_COMPILATION_CONDITIONS = DEBUG;
				SWIFT_OPTIMIZATION_LEVEL = "-Onone";
			};
			name = Debug;
		};
		0A0B5C992390549F009FCC89 /* Release */ = {
			isa = XCBuildConfiguration;
			buildSettings = {
				ALWAYS_SEARCH_USER_PATHS = NO;
				CLANG_ANALYZER_NONNULL = YES;
				CLANG_ANALYZER_NUMBER_OBJECT_CONVERSION = YES_AGGRESSIVE;
				CLANG_CXX_LANGUAGE_STANDARD = "gnu++14";
				CLANG_CXX_LIBRARY = "libc++";
				CLANG_ENABLE_MODULES = YES;
				CLANG_ENABLE_OBJC_ARC = YES;
				CLANG_ENABLE_OBJC_WEAK = YES;
				CLANG_WARN_BLOCK_CAPTURE_AUTORELEASING = YES;
				CLANG_WARN_BOOL_CONVERSION = YES;
				CLANG_WARN_COMMA = YES;
				CLANG_WARN_CONSTANT_CONVERSION = YES;
				CLANG_WARN_DEPRECATED_OBJC_IMPLEMENTATIONS = YES;
				CLANG_WARN_DIRECT_OBJC_ISA_USAGE = YES_ERROR;
				CLANG_WARN_DOCUMENTATION_COMMENTS = YES;
				CLANG_WARN_EMPTY_BODY = YES;
				CLANG_WARN_ENUM_CONVERSION = YES;
				CLANG_WARN_INFINITE_RECURSION = YES;
				CLANG_WARN_INT_CONVERSION = YES;
				CLANG_WARN_NON_LITERAL_NULL_CONVERSION = YES;
				CLANG_WARN_OBJC_IMPLICIT_RETAIN_SELF = YES;
				CLANG_WARN_OBJC_LITERAL_CONVERSION = YES;
				CLANG_WARN_OBJC_ROOT_CLASS = YES_ERROR;
				CLANG_WARN_RANGE_LOOP_ANALYSIS = YES;
				CLANG_WARN_STRICT_PROTOTYPES = YES;
				CLANG_WARN_SUSPICIOUS_MOVE = YES;
				CLANG_WARN_UNGUARDED_AVAILABILITY = YES_AGGRESSIVE;
				CLANG_WARN_UNREACHABLE_CODE = YES;
				CLANG_WARN__DUPLICATE_METHOD_MATCH = YES;
				COPY_PHASE_STRIP = NO;
				DEBUG_INFORMATION_FORMAT = "dwarf-with-dsym";
				ENABLE_NS_ASSERTIONS = NO;
				ENABLE_STRICT_OBJC_MSGSEND = YES;
				GCC_C_LANGUAGE_STANDARD = gnu11;
				GCC_NO_COMMON_BLOCKS = YES;
				GCC_WARN_64_TO_32_BIT_CONVERSION = YES;
				GCC_WARN_ABOUT_RETURN_TYPE = YES_ERROR;
				GCC_WARN_UNDECLARED_SELECTOR = YES;
				GCC_WARN_UNINITIALIZED_AUTOS = YES_AGGRESSIVE;
				GCC_WARN_UNUSED_FUNCTION = YES;
				GCC_WARN_UNUSED_VARIABLE = YES;
				IPHONEOS_DEPLOYMENT_TARGET = 13.1;
				MTL_ENABLE_DEBUG_INFO = NO;
				MTL_FAST_MATH = YES;
				SDKROOT = iphoneos;
				SWIFT_COMPILATION_MODE = wholemodule;
				SWIFT_OPTIMIZATION_LEVEL = "-O";
				VALIDATE_PRODUCT = YES;
			};
			name = Release;
		};
		0A0B5C9B2390549F009FCC89 /* Debug */ = {
			isa = XCBuildConfiguration;
			buildSettings = {
				ASSETCATALOG_COMPILER_APPICON_NAME = AppIcon;
				CODE_SIGN_STYLE = Automatic;
				DEVELOPMENT_TEAM = PJD957SY8C;
				INFOPLIST_FILE = Filters/Resources/Info.plist;
				IPHONEOS_DEPLOYMENT_TARGET = 13.0;
				LD_RUNPATH_SEARCH_PATHS = (
					"$(inherited)",
					"@executable_path/Frameworks",
				);
				PRODUCT_BUNDLE_IDENTIFIER = com.vashlaevdev.Filters;
				PRODUCT_NAME = "$(TARGET_NAME)";
				SWIFT_VERSION = 5.0;
				TARGETED_DEVICE_FAMILY = 1;
			};
			name = Debug;
		};
		0A0B5C9C2390549F009FCC89 /* Release */ = {
			isa = XCBuildConfiguration;
			buildSettings = {
				ASSETCATALOG_COMPILER_APPICON_NAME = AppIcon;
				CODE_SIGN_STYLE = Automatic;
				DEVELOPMENT_TEAM = PJD957SY8C;
				INFOPLIST_FILE = Filters/Resources/Info.plist;
				IPHONEOS_DEPLOYMENT_TARGET = 13.0;
				LD_RUNPATH_SEARCH_PATHS = (
					"$(inherited)",
					"@executable_path/Frameworks",
				);
				PRODUCT_BUNDLE_IDENTIFIER = com.vashlaevdev.Filters;
				PRODUCT_NAME = "$(TARGET_NAME)";
				SWIFT_VERSION = 5.0;
				TARGETED_DEVICE_FAMILY = 1;
			};
			name = Release;
		};
/* End XCBuildConfiguration section */

/* Begin XCConfigurationList section */
		0A0B5C812390549D009FCC89 /* Build configuration list for PBXProject "Filters" */ = {
			isa = XCConfigurationList;
			buildConfigurations = (
				0A0B5C982390549F009FCC89 /* Debug */,
				0A0B5C992390549F009FCC89 /* Release */,
			);
			defaultConfigurationIsVisible = 0;
			defaultConfigurationName = Release;
		};
		0A0B5C9A2390549F009FCC89 /* Build configuration list for PBXNativeTarget "Filters" */ = {
			isa = XCConfigurationList;
			buildConfigurations = (
				0A0B5C9B2390549F009FCC89 /* Debug */,
				0A0B5C9C2390549F009FCC89 /* Release */,
			);
			defaultConfigurationIsVisible = 0;
			defaultConfigurationName = Release;
		};
/* End XCConfigurationList section */
	};
	rootObject = 0A0B5C7E2390549D009FCC89 /* Project object */;
}
